
Microsoft Visual Studio Solution File, Format Version 12.00
# Visual Studio Version 17
VisualStudioVersion = 17.5.002.0
MinimumVisualStudioVersion = 10.0.40219.1
Project("{9A19103F-16F7-4668-BE54-9A1E7A4F7556}") = "Demo", "Demo.csproj", "{914B3DA3-E4B5-4AB6-BB27-6BF354D981BF}"
EndProject
Global
	GlobalSection(SolutionConfigurationPlatforms) = preSolution
		Debug|Any CPU = Debug|Any CPU
		Release|Any CPU = Release|Any CPU
	EndGlobalSection
	GlobalSection(ProjectConfigurationPlatforms) = postSolution
		{914B3DA3-E4B5-4AB6-BB27-6BF354D981BF}.Debug|Any CPU.ActiveCfg = Debug|Any CPU
		{914B3DA3-E4B5-4AB6-BB27-6BF354D981BF}.Debug|Any CPU.Build.0 = Debug|Any CPU
		{914B3DA3-E4B5-4AB6-BB27-6BF354D981BF}.Release|Any CPU.ActiveCfg = Release|Any CPU
		{914B3DA3-E4B5-4AB6-BB27-6BF354D981BF}.Release|Any CPU.Build.0 = Release|Any CPU
	EndGlobalSection
	GlobalSection(SolutionProperties) = preSolution
		HideSolutionNode = FALSE
	EndGlobalSection
	GlobalSection(ExtensibilityGlobals) = postSolution
		SolutionGuid = {FF02D129-1C5A-4F3F-AC4A-820F98BA7052}
	EndGlobalSection
EndGlobal
